
Microsoft Visual Studio Solution File, Format Version 12.00
# Visual Studio Version 16
VisualStudioVersion = 16.0.29503.13
MinimumVisualStudioVersion = 10.0.40219.1
Project("{FAE04EC0-301F-11D3-BF4B-00C04F79EFBC}") = "GBSharp", "GBSharp\GBSharp.csproj", "{67B8B627-D15E-4249-A086-B27B94471B50}"
EndProject
Project("{FAE04EC0-301F-11D3-BF4B-00C04F79EFBC}") = "MonoGB", "MonoGB\MonoGB.csproj", "{1B1CD000-82C2-41B7-AD39-69C7B5DBD3AB}"
EndProject
Project("{FAE04EC0-301F-11D3-BF4B-00C04F79EFBC}") = "AndroidGB", "AndroidGB\AndroidGB.csproj", "{7C36FD6D-D3B0-40DB-A9CA-58CEBA242CB1}"
EndProject
Project("{9A19103F-16F7-4668-BE54-9A1E7A4F7556}") = "FrontEnd", "FrontEnd\FrontEnd.csproj", "{78F5BA7B-5C7F-4941-8A75-0A003AF670A8}"
EndProject
Global
	GlobalSection(SolutionConfigurationPlatforms) = preSolution
		Debug|Any CPU = Debug|Any CPU
		Debug|x86 = Debug|x86
		Release|Any CPU = Release|Any CPU
		Release|x86 = Release|x86
	EndGlobalSection
	GlobalSection(ProjectConfigurationPlatforms) = postSolution
		{67B8B627-D15E-4249-A086-B27B94471B50}.Debug|Any CPU.ActiveCfg = Debug|Any CPU
		{67B8B627-D15E-4249-A086-B27B94471B50}.Debug|Any CPU.Build.0 = Debug|Any CPU
		{67B8B627-D15E-4249-A086-B27B94471B50}.Debug|x86.ActiveCfg = Debug|Any CPU
		{67B8B627-D15E-4249-A086-B27B94471B50}.Debug|x86.Build.0 = Debug|Any CPU
		{67B8B627-D15E-4249-A086-B27B94471B50}.Release|Any CPU.ActiveCfg = Release|Any CPU
		{67B8B627-D15E-4249-A086-B27B94471B50}.Release|Any CPU.Build.0 = Release|Any CPU
		{67B8B627-D15E-4249-A086-B27B94471B50}.Release|x86.ActiveCfg = Release|Any CPU
		{67B8B627-D15E-4249-A086-B27B94471B50}.Release|x86.Build.0 = Release|Any CPU
		{1B1CD000-82C2-41B7-AD39-69C7B5DBD3AB}.Debug|Any CPU.ActiveCfg = Debug|x86
		{1B1CD000-82C2-41B7-AD39-69C7B5DBD3AB}.Debug|Any CPU.Build.0 = Debug|x86
		{1B1CD000-82C2-41B7-AD39-69C7B5DBD3AB}.Debug|x86.ActiveCfg = Debug|x86
		{1B1CD000-82C2-41B7-AD39-69C7B5DBD3AB}.Debug|x86.Build.0 = Debug|x86
		{1B1CD000-82C2-41B7-AD39-69C7B5DBD3AB}.Release|Any CPU.ActiveCfg = Release|x86
		{1B1CD000-82C2-41B7-AD39-69C7B5DBD3AB}.Release|Any CPU.Build.0 = Release|x86
		{1B1CD000-82C2-41B7-AD39-69C7B5DBD3AB}.Release|x86.ActiveCfg = Release|x86
		{1B1CD000-82C2-41B7-AD39-69C7B5DBD3AB}.Release|x86.Build.0 = Release|x86
		{7C36FD6D-D3B0-40DB-A9CA-58CEBA242CB1}.Debug|Any CPU.ActiveCfg = Debug|Any CPU
		{7C36FD6D-D3B0-40DB-A9CA-58CEBA242CB1}.Debug|Any CPU.Build.0 = Debug|Any CPU
		{7C36FD6D-D3B0-40DB-A9CA-58CEBA242CB1}.Debug|Any CPU.Deploy.0 = Debug|Any CPU
		{7C36FD6D-D3B0-40DB-A9CA-58CEBA242CB1}.Debug|x86.ActiveCfg = Debug|Any CPU
		{7C36FD6D-D3B0-40DB-A9CA-58CEBA242CB1}.Debug|x86.Build.0 = Debug|Any CPU
		{7C36FD6D-D3B0-40DB-A9CA-58CEBA242CB1}.Debug|x86.Deploy.0 = Debug|Any CPU
		{7C36FD6D-D3B0-40DB-A9CA-58CEBA242CB1}.Release|Any CPU.ActiveCfg = Release|Any CPU
		{7C36FD6D-D3B0-40DB-A9CA-58CEBA242CB1}.Release|Any CPU.Build.0 = Release|Any CPU
		{7C36FD6D-D3B0-40DB-A9CA-58CEBA242CB1}.Release|Any CPU.Deploy.0 = Release|Any CPU
		{7C36FD6D-D3B0-40DB-A9CA-58CEBA242CB1}.Release|x86.ActiveCfg = Release|Any CPU
		{7C36FD6D-D3B0-40DB-A9CA-58CEBA242CB1}.Release|x86.Build.0 = Release|Any CPU
		{7C36FD6D-D3B0-40DB-A9CA-58CEBA242CB1}.Release|x86.Deploy.0 = Release|Any CPU
		{78F5BA7B-5C7F-4941-8A75-0A003AF670A8}.Debug|Any CPU.ActiveCfg = Debug|Any CPU
		{78F5BA7B-5C7F-4941-8A75-0A003AF670A8}.Debug|Any CPU.Build.0 = Debug|Any CPU
		{78F5BA7B-5C7F-4941-8A75-0A003AF670A8}.Debug|x86.ActiveCfg = Debug|Any CPU
		{78F5BA7B-5C7F-4941-8A75-0A003AF670A8}.Debug|x86.Build.0 = Debug|Any CPU
		{78F5BA7B-5C7F-4941-8A75-0A003AF670A8}.Release|Any CPU.ActiveCfg = Release|Any CPU
		{78F5BA7B-5C7F-4941-8A75-0A003AF670A8}.Release|Any CPU.Build.0 = Release|Any CPU
		{78F5BA7B-5C7F-4941-8A75-0A003AF670A8}.Release|x86.ActiveCfg = Release|Any CPU
		{78F5BA7B-5C7F-4941-8A75-0A003AF670A8}.Release|x86.Build.0 = Release|Any CPU
	EndGlobalSection
	GlobalSection(SolutionProperties) = preSolution
		HideSolutionNode = FALSE
	EndGlobalSection
	GlobalSection(ExtensibilityGlobals) = postSolution
		SolutionGuid = {743506B3-3440-4971-9329-BB71B7B535DE}
	EndGlobalSection
EndGlobal
